
Microsoft Visual Studio Solution File, Format Version 12.00
# Visual Studio Version 16
VisualStudioVersion = 16.0.29728.190
MinimumVisualStudioVersion = 10.0.40219.1
Project("{FAE04EC0-301F-11D3-BF4B-00C04F79EFBC}") = "OOP Homework Exercise 3", "OOP Homework Exercise 3.csproj", "{AD215910-423A-453A-BC45-493CEC0EA461}"
EndProject
Global
	GlobalSection(SolutionConfigurationPlatforms) = preSolution
		Debug|Any CPU = Debug|Any CPU
		Release|Any CPU = Release|Any CPU
	EndGlobalSection
	GlobalSection(ProjectConfigurationPlatforms) = postSolution
		{AD215910-423A-453A-BC45-493CEC0EA461}.Debug|Any CPU.ActiveCfg = Debug|Any CPU
		{AD215910-423A-453A-BC45-493CEC0EA461}.Debug|Any CPU.Build.0 = Debug|Any CPU
		{AD215910-423A-453A-BC45-493CEC0EA461}.Release|Any CPU.ActiveCfg = Release|Any CPU
		{AD215910-423A-453A-BC45-493CEC0EA461}.Release|Any CPU.Build.0 = Release|Any CPU
	EndGlobalSection
	GlobalSection(SolutionProperties) = preSolution
		HideSolutionNode = FALSE
	EndGlobalSection
	GlobalSection(ExtensibilityGlobals) = postSolution
		SolutionGuid = {F38F841A-4CF9-489D-BCCE-7803ADBDEF1E}
	EndGlobalSection
EndGlobal
